
Microsoft Visual Studio Solution File, Format Version 12.00
# Visual Studio Version 16
VisualStudioVersion = 16.0.29025.244
MinimumVisualStudioVersion = 10.0.40219.1
Project("{FAE04EC0-301F-11D3-BF4B-00C04F79EFBC}") = "Composure", "Composure\Composure.csproj", "{63C44CF9-8387-4BDC-961C-20A11EA4DB2A}"
EndProject
Global
	GlobalSection(SolutionConfigurationPlatforms) = preSolution
		Debug|Any CPU = Debug|Any CPU
		Release|Any CPU = Release|Any CPU
	EndGlobalSection
	GlobalSection(ProjectConfigurationPlatforms) = postSolution
		{63C44CF9-8387-4BDC-961C-20A11EA4DB2A}.Debug|Any CPU.ActiveCfg = Debug|Any CPU
		{63C44CF9-8387-4BDC-961C-20A11EA4DB2A}.Debug|Any CPU.Build.0 = Debug|Any CPU
		{63C44CF9-8387-4BDC-961C-20A11EA4DB2A}.Release|Any CPU.ActiveCfg = Release|Any CPU
		{63C44CF9-8387-4BDC-961C-20A11EA4DB2A}.Release|Any CPU.Build.0 = Release|Any CPU
	EndGlobalSection
	GlobalSection(SolutionProperties) = preSolution
		HideSolutionNode = FALSE
	EndGlobalSection
	GlobalSection(ExtensibilityGlobals) = postSolution
		SolutionGuid = {3AED0A2D-407E-49F6-B2F7-DD6B5B1DBA8F}
	EndGlobalSection
	GlobalSection(MonoDevelopProperties) = preSolution
		Policies = $0
		$0.DotNetNamingPolicy = $1
		$1.DirectoryNamespaceAssociation = PrefixedHierarchical
		$0.StandardHeader = $2
		$0.VersionControlPolicy = $3
		version = 1.0
	EndGlobalSection
EndGlobal
